
Microsoft Visual Studio Solution File, Format Version 12.00
# Visual Studio Version 16
VisualStudioVersion = 16.0.32802.440
MinimumVisualStudioVersion = 10.0.40219.1
Project("{9A19103F-16F7-4668-BE54-9A1E7A4F7556}") = "Entidades", "Entidades\Entidades.csproj", "{6B35A1B8-A3FF-4425-9BD5-A1A44521520F}"
EndProject
Project("{9A19103F-16F7-4668-BE54-9A1E7A4F7556}") = "Vista", "FrmLogin\Vista.csproj", "{D57F60F9-E796-4482-A50E-E17DBD28DDC8}"
EndProject
Global
	GlobalSection(SolutionConfigurationPlatforms) = preSolution
		Debug|Any CPU = Debug|Any CPU
		Release|Any CPU = Release|Any CPU
	EndGlobalSection
	GlobalSection(ProjectConfigurationPlatforms) = postSolution
		{6B35A1B8-A3FF-4425-9BD5-A1A44521520F}.Debug|Any CPU.ActiveCfg = Debug|Any CPU
		{6B35A1B8-A3FF-4425-9BD5-A1A44521520F}.Debug|Any CPU.Build.0 = Debug|Any CPU
		{6B35A1B8-A3FF-4425-9BD5-A1A44521520F}.Release|Any CPU.ActiveCfg = Release|Any CPU
		{6B35A1B8-A3FF-4425-9BD5-A1A44521520F}.Release|Any CPU.Build.0 = Release|Any CPU
		{D57F60F9-E796-4482-A50E-E17DBD28DDC8}.Debug|Any CPU.ActiveCfg = Debug|Any CPU
		{D57F60F9-E796-4482-A50E-E17DBD28DDC8}.Debug|Any CPU.Build.0 = Debug|Any CPU
		{D57F60F9-E796-4482-A50E-E17DBD28DDC8}.Release|Any CPU.ActiveCfg = Release|Any CPU
		{D57F60F9-E796-4482-A50E-E17DBD28DDC8}.Release|Any CPU.Build.0 = Release|Any CPU
	EndGlobalSection
	GlobalSection(SolutionProperties) = preSolution
		HideSolutionNode = FALSE
	EndGlobalSection
	GlobalSection(ExtensibilityGlobals) = postSolution
		SolutionGuid = {5B5729AB-FCE0-4DDA-BFCB-00C3E61E1671}
	EndGlobalSection
EndGlobal
